
Microsoft Visual Studio Solution File, Format Version 12.00
# Visual Studio 15
VisualStudioVersion = 15.0.28307.1300
MinimumVisualStudioVersion = 10.0.40219.1
Project("{FAE04EC0-301F-11D3-BF4B-00C04F79EFBC}") = "InfsP-Modified", "InfsP-Modified.csproj", "{8BD5D39A-7409-4DBD-886B-DDCCEDFD79DF}"
EndProject
Global
	GlobalSection(SolutionConfigurationPlatforms) = preSolution
		Debug|Any CPU = Debug|Any CPU
		Release|Any CPU = Release|Any CPU
	EndGlobalSection
	GlobalSection(ProjectConfigurationPlatforms) = postSolution
		{8BD5D39A-7409-4DBD-886B-DDCCEDFD79DF}.Debug|Any CPU.ActiveCfg = Debug|Any CPU
		{8BD5D39A-7409-4DBD-886B-DDCCEDFD79DF}.Debug|Any CPU.Build.0 = Debug|Any CPU
		{8BD5D39A-7409-4DBD-886B-DDCCEDFD79DF}.Release|Any CPU.ActiveCfg = Release|Any CPU
		{8BD5D39A-7409-4DBD-886B-DDCCEDFD79DF}.Release|Any CPU.Build.0 = Release|Any CPU
	EndGlobalSection
	GlobalSection(SolutionProperties) = preSolution
		HideSolutionNode = FALSE
	EndGlobalSection
	GlobalSection(ExtensibilityGlobals) = postSolution
		SolutionGuid = {955106A1-260D-4EB9-AD79-92FD40D11A5C}
	EndGlobalSection
EndGlobal
